
Microsoft Visual Studio Solution File, Format Version 12.00
# Visual Studio Version 16
VisualStudioVersion = 16.0.32228.343
MinimumVisualStudioVersion = 10.0.40219.1
Project("{FAE04EC0-301F-11D3-BF4B-00C04F79EFBC}") = "Create_Tabel", "Create_Tabel\Create_Tabel.csproj", "{F580F549-1B29-44DF-8828-E0DD132DFAD7}"
EndProject
Global
	GlobalSection(SolutionConfigurationPlatforms) = preSolution
		Debug|Any CPU = Debug|Any CPU
		Release|Any CPU = Release|Any CPU
	EndGlobalSection
	GlobalSection(ProjectConfigurationPlatforms) = postSolution
		{F580F549-1B29-44DF-8828-E0DD132DFAD7}.Debug|Any CPU.ActiveCfg = Debug|Any CPU
		{F580F549-1B29-44DF-8828-E0DD132DFAD7}.Debug|Any CPU.Build.0 = Debug|Any CPU
		{F580F549-1B29-44DF-8828-E0DD132DFAD7}.Release|Any CPU.ActiveCfg = Release|Any CPU
		{F580F549-1B29-44DF-8828-E0DD132DFAD7}.Release|Any CPU.Build.0 = Release|Any CPU
	EndGlobalSection
	GlobalSection(SolutionProperties) = preSolution
		HideSolutionNode = FALSE
	EndGlobalSection
	GlobalSection(ExtensibilityGlobals) = postSolution
		SolutionGuid = {73AEA018-BFAF-4BD3-8E77-3E6B785803EE}
	EndGlobalSection
EndGlobal
